
Microsoft Visual Studio Solution File, Format Version 12.00
# Visual Studio Version 17
VisualStudioVersion = 17.14.36109.1 d17.14
MinimumVisualStudioVersion = 10.0.40219.1
Project("{FAE04EC0-301F-11D3-BF4B-00C04F79EFBC}") = "Task1", "Task1\Task1.csproj", "{FF727E42-3697-496B-8C44-71BAE10ECA63}"
EndProject
Project("{FAE04EC0-301F-11D3-BF4B-00C04F79EFBC}") = "Task2", "Task2\Task2.csproj", "{8214A9DC-08DC-4D22-8AF0-9CB2180CAA38}"
EndProject
Project("{2150E333-8FDC-42A3-9474-1A3956D46DE8}") = "Solution Items", "Solution Items", "{8EC462FD-D22E-90A8-E5CE-7E832BA40C5D}"
	ProjectSection(SolutionItems) = preProject
		.gitignore = .gitignore
	EndProjectSection
EndProject
Global
	GlobalSection(SolutionConfigurationPlatforms) = preSolution
		Debug|Any CPU = Debug|Any CPU
		Release|Any CPU = Release|Any CPU
	EndGlobalSection
	GlobalSection(ProjectConfigurationPlatforms) = postSolution
		{FF727E42-3697-496B-8C44-71BAE10ECA63}.Debug|Any CPU.ActiveCfg = Debug|Any CPU
		{FF727E42-3697-496B-8C44-71BAE10ECA63}.Debug|Any CPU.Build.0 = Debug|Any CPU
		{FF727E42-3697-496B-8C44-71BAE10ECA63}.Release|Any CPU.ActiveCfg = Release|Any CPU
		{FF727E42-3697-496B-8C44-71BAE10ECA63}.Release|Any CPU.Build.0 = Release|Any CPU
		{8214A9DC-08DC-4D22-8AF0-9CB2180CAA38}.Debug|Any CPU.ActiveCfg = Debug|Any CPU
		{8214A9DC-08DC-4D22-8AF0-9CB2180CAA38}.Debug|Any CPU.Build.0 = Debug|Any CPU
		{8214A9DC-08DC-4D22-8AF0-9CB2180CAA38}.Release|Any CPU.ActiveCfg = Release|Any CPU
		{8214A9DC-08DC-4D22-8AF0-9CB2180CAA38}.Release|Any CPU.Build.0 = Release|Any CPU
	EndGlobalSection
	GlobalSection(SolutionProperties) = preSolution
		HideSolutionNode = FALSE
	EndGlobalSection
	GlobalSection(ExtensibilityGlobals) = postSolution
		SolutionGuid = {048C80E9-18EC-4188-B0C3-5822323CADA5}
	EndGlobalSection
EndGlobal
